
Microsoft Visual Studio Solution File, Format Version 12.00
# Visual Studio Version 17
VisualStudioVersion = 17.12.35506.116
MinimumVisualStudioVersion = 10.0.40219.1
Project("{FAE04EC0-301F-11D3-BF4B-00C04F79EFBC}") = "Najlot.Map", "Najlot.Map\Najlot.Map.csproj", "{6CC021BF-547A-4A76-9E12-46A239C9BFD8}"
EndProject
Project("{FAE04EC0-301F-11D3-BF4B-00C04F79EFBC}") = "Najlot.Map.Tests", "Najlot.Map.Tests\Najlot.Map.Tests.csproj", "{D55081AC-F9DF-488B-A788-96963FAB2B6F}"
EndProject
Project("{FAE04EC0-301F-11D3-BF4B-00C04F79EFBC}") = "Najlot.Map.SourceGenerator", "Najlot.Map.SourceGenerator\Najlot.Map.SourceGenerator.csproj", "{34F951C4-2D01-47EE-AC5D-2D79E6C5CA62}"
EndProject
Project("{FAE04EC0-301F-11D3-BF4B-00C04F79EFBC}") = "Najlot.Map.SourceGenerator.Tests", "Najlot.Map.SourceGenerator.Tests\Najlot.Map.SourceGenerator.Tests.csproj", "{70FC93F5-5E3A-45DF-9EEA-360F9F5C388A}"
EndProject
Global
	GlobalSection(SolutionConfigurationPlatforms) = preSolution
		Debug|Any CPU = Debug|Any CPU
		Debug|x64 = Debug|x64
		Debug|x86 = Debug|x86
		Release|Any CPU = Release|Any CPU
		Release|x64 = Release|x64
		Release|x86 = Release|x86
	EndGlobalSection
	GlobalSection(ProjectConfigurationPlatforms) = postSolution
		{6CC021BF-547A-4A76-9E12-46A239C9BFD8}.Debug|Any CPU.ActiveCfg = Debug|Any CPU
		{6CC021BF-547A-4A76-9E12-46A239C9BFD8}.Debug|Any CPU.Build.0 = Debug|Any CPU
		{6CC021BF-547A-4A76-9E12-46A239C9BFD8}.Debug|x64.ActiveCfg = Debug|Any CPU
		{6CC021BF-547A-4A76-9E12-46A239C9BFD8}.Debug|x64.Build.0 = Debug|Any CPU
		{6CC021BF-547A-4A76-9E12-46A239C9BFD8}.Debug|x86.ActiveCfg = Debug|Any CPU
		{6CC021BF-547A-4A76-9E12-46A239C9BFD8}.Debug|x86.Build.0 = Debug|Any CPU
		{6CC021BF-547A-4A76-9E12-46A239C9BFD8}.Release|Any CPU.ActiveCfg = Release|Any CPU
		{6CC021BF-547A-4A76-9E12-46A239C9BFD8}.Release|Any CPU.Build.0 = Release|Any CPU
		{6CC021BF-547A-4A76-9E12-46A239C9BFD8}.Release|x64.ActiveCfg = Release|Any CPU
		{6CC021BF-547A-4A76-9E12-46A239C9BFD8}.Release|x64.Build.0 = Release|Any CPU
		{6CC021BF-547A-4A76-9E12-46A239C9BFD8}.Release|x86.ActiveCfg = Release|Any CPU
		{6CC021BF-547A-4A76-9E12-46A239C9BFD8}.Release|x86.Build.0 = Release|Any CPU
		{D55081AC-F9DF-488B-A788-96963FAB2B6F}.Debug|Any CPU.ActiveCfg = Debug|Any CPU
		{D55081AC-F9DF-488B-A788-96963FAB2B6F}.Debug|Any CPU.Build.0 = Debug|Any CPU
		{D55081AC-F9DF-488B-A788-96963FAB2B6F}.Debug|x64.ActiveCfg = Debug|Any CPU
		{D55081AC-F9DF-488B-A788-96963FAB2B6F}.Debug|x64.Build.0 = Debug|Any CPU
		{D55081AC-F9DF-488B-A788-96963FAB2B6F}.Debug|x86.ActiveCfg = Debug|Any CPU
		{D55081AC-F9DF-488B-A788-96963FAB2B6F}.Debug|x86.Build.0 = Debug|Any CPU
		{D55081AC-F9DF-488B-A788-96963FAB2B6F}.Release|Any CPU.ActiveCfg = Release|Any CPU
		{D55081AC-F9DF-488B-A788-96963FAB2B6F}.Release|Any CPU.Build.0 = Release|Any CPU
		{D55081AC-F9DF-488B-A788-96963FAB2B6F}.Release|x64.ActiveCfg = Release|Any CPU
		{D55081AC-F9DF-488B-A788-96963FAB2B6F}.Release|x64.Build.0 = Release|Any CPU
		{D55081AC-F9DF-488B-A788-96963FAB2B6F}.Release|x86.ActiveCfg = Release|Any CPU
		{D55081AC-F9DF-488B-A788-96963FAB2B6F}.Release|x86.Build.0 = Release|Any CPU
		{34F951C4-2D01-47EE-AC5D-2D79E6C5CA62}.Debug|Any CPU.ActiveCfg = Debug|Any CPU
		{34F951C4-2D01-47EE-AC5D-2D79E6C5CA62}.Debug|Any CPU.Build.0 = Debug|Any CPU
		{34F951C4-2D01-47EE-AC5D-2D79E6C5CA62}.Debug|x64.ActiveCfg = Debug|Any CPU
		{34F951C4-2D01-47EE-AC5D-2D79E6C5CA62}.Debug|x64.Build.0 = Debug|Any CPU
		{34F951C4-2D01-47EE-AC5D-2D79E6C5CA62}.Debug|x86.ActiveCfg = Debug|Any CPU
		{34F951C4-2D01-47EE-AC5D-2D79E6C5CA62}.Debug|x86.Build.0 = Debug|Any CPU
		{34F951C4-2D01-47EE-AC5D-2D79E6C5CA62}.Release|Any CPU.ActiveCfg = Release|Any CPU
		{34F951C4-2D01-47EE-AC5D-2D79E6C5CA62}.Release|Any CPU.Build.0 = Release|Any CPU
		{34F951C4-2D01-47EE-AC5D-2D79E6C5CA62}.Release|x64.ActiveCfg = Release|Any CPU
		{34F951C4-2D01-47EE-AC5D-2D79E6C5CA62}.Release|x64.Build.0 = Release|Any CPU
		{34F951C4-2D01-47EE-AC5D-2D79E6C5CA62}.Release|x86.ActiveCfg = Release|Any CPU
		{34F951C4-2D01-47EE-AC5D-2D79E6C5CA62}.Release|x86.Build.0 = Release|Any CPU
		{70FC93F5-5E3A-45DF-9EEA-360F9F5C388A}.Debug|Any CPU.ActiveCfg = Debug|Any CPU
		{70FC93F5-5E3A-45DF-9EEA-360F9F5C388A}.Debug|Any CPU.Build.0 = Debug|Any CPU
		{70FC93F5-5E3A-45DF-9EEA-360F9F5C388A}.Debug|x64.ActiveCfg = Debug|Any CPU
		{70FC93F5-5E3A-45DF-9EEA-360F9F5C388A}.Debug|x64.Build.0 = Debug|Any CPU
		{70FC93F5-5E3A-45DF-9EEA-360F9F5C388A}.Debug|x86.ActiveCfg = Debug|Any CPU
		{70FC93F5-5E3A-45DF-9EEA-360F9F5C388A}.Debug|x86.Build.0 = Debug|Any CPU
		{70FC93F5-5E3A-45DF-9EEA-360F9F5C388A}.Release|Any CPU.ActiveCfg = Release|Any CPU
		{70FC93F5-5E3A-45DF-9EEA-360F9F5C388A}.Release|Any CPU.Build.0 = Release|Any CPU
		{70FC93F5-5E3A-45DF-9EEA-360F9F5C388A}.Release|x64.ActiveCfg = Release|Any CPU
		{70FC93F5-5E3A-45DF-9EEA-360F9F5C388A}.Release|x64.Build.0 = Release|Any CPU
		{70FC93F5-5E3A-45DF-9EEA-360F9F5C388A}.Release|x86.ActiveCfg = Release|Any CPU
		{70FC93F5-5E3A-45DF-9EEA-360F9F5C388A}.Release|x86.Build.0 = Release|Any CPU
	EndGlobalSection
	GlobalSection(SolutionProperties) = preSolution
		HideSolutionNode = FALSE
	EndGlobalSection
EndGlobal
